
Microsoft Visual Studio Solution File, Format Version 12.00
# Visual Studio Version 17
VisualStudioVersion = 17.3.32714.290
MinimumVisualStudioVersion = 10.0.40219.1
Project("{FAE04EC0-301F-11D3-BF4B-00C04F79EFBC}") = "SandBox", "SandBox\SandBox.csproj", "{ECF14C98-783C-4347-B005-1480EF03D4C3}"
EndProject
Global
	GlobalSection(SolutionConfigurationPlatforms) = preSolution
		Debug|Any CPU = Debug|Any CPU
		Release|Any CPU = Release|Any CPU
	EndGlobalSection
	GlobalSection(ProjectConfigurationPlatforms) = postSolution
		{ECF14C98-783C-4347-B005-1480EF03D4C3}.Debug|Any CPU.ActiveCfg = Debug|Any CPU
		{ECF14C98-783C-4347-B005-1480EF03D4C3}.Debug|Any CPU.Build.0 = Debug|Any CPU
		{ECF14C98-783C-4347-B005-1480EF03D4C3}.Release|Any CPU.ActiveCfg = Release|Any CPU
		{ECF14C98-783C-4347-B005-1480EF03D4C3}.Release|Any CPU.Build.0 = Release|Any CPU
	EndGlobalSection
	GlobalSection(SolutionProperties) = preSolution
		HideSolutionNode = FALSE
	EndGlobalSection
	GlobalSection(ExtensibilityGlobals) = postSolution
		SolutionGuid = {6D1A8A21-AE39-4170-B0FE-E43F425585BB}
	EndGlobalSection
EndGlobal
